// !$*UTF8*$!
{
	archiveVersion = 1;
	classes = {
	};
	objectVersion = 50;
	objects = {

/* Begin PBXBuildFile section */
		6D0B4DF02475A685001E8C1A /* User.swift in Sources */ = {isa = PBXBuildFile; fileRef = 6D0B4DEF2475A685001E8C1A /* User.swift */; };
		6D0B4DF22475A699001E8C1A /* Group.swift in Sources */ = {isa = PBXBuildFile; fileRef = 6D0B4DF12475A699001E8C1A /* Group.swift */; };
		6D0B4DF5247669E9001E8C1A /* AllGroupsTableViewController.swift in Sources */ = {isa = PBXBuildFile; fileRef = 6D0B4DF4247669E9001E8C1A /* AllGroupsTableViewController.swift */; };
		6D0B4DF724766A46001E8C1A /* AllGroupsTableViewCell.swift in Sources */ = {isa = PBXBuildFile; fileRef = 6D0B4DF624766A46001E8C1A /* AllGroupsTableViewCell.swift */; };
		6D3D528C247424DD00182342 /* AppDelegate.swift in Sources */ = {isa = PBXBuildFile; fileRef = 6D3D528B247424DD00182342 /* AppDelegate.swift */; };
		6D3D528E247424DD00182342 /* SceneDelegate.swift in Sources */ = {isa = PBXBuildFile; fileRef = 6D3D528D247424DD00182342 /* SceneDelegate.swift */; };
		6D3D5290247424DD00182342 /* LoginViewController.swift in Sources */ = {isa = PBXBuildFile; fileRef = 6D3D528F247424DD00182342 /* LoginViewController.swift */; };
		6D3D5293247424DD00182342 /* Main.storyboard in Resources */ = {isa = PBXBuildFile; fileRef = 6D3D5291247424DD00182342 /* Main.storyboard */; };
		6D3D5295247424DE00182342 /* Assets.xcassets in Resources */ = {isa = PBXBuildFile; fileRef = 6D3D5294247424DE00182342 /* Assets.xcassets */; };
		6D3D5298247424DE00182342 /* LaunchScreen.storyboard in Resources */ = {isa = PBXBuildFile; fileRef = 6D3D5296247424DE00182342 /* LaunchScreen.storyboard */; };
		6D56EC242477AA8800AEFD19 /* MyGroupsTableViewController.swift in Sources */ = {isa = PBXBuildFile; fileRef = 6D56EC232477AA8800AEFD19 /* MyGroupsTableViewController.swift */; };
		6D56EC262477AA9F00AEFD19 /* MyGroupsTableViewCell.swift in Sources */ = {isa = PBXBuildFile; fileRef = 6D56EC252477AA9F00AEFD19 /* MyGroupsTableViewCell.swift */; };
		6D56EC292477BD0800AEFD19 /* MyFriendsTVController.swift in Sources */ = {isa = PBXBuildFile; fileRef = 6D56EC282477BD0800AEFD19 /* MyFriendsTVController.swift */; };
		6D56EC2B2477BD2700AEFD19 /* MyFriendsTVCell.swift in Sources */ = {isa = PBXBuildFile; fileRef = 6D56EC2A2477BD2700AEFD19 /* MyFriendsTVCell.swift */; };
		6D56EC2D2477C07E00AEFD19 /* FriendsFotoCVController.swift in Sources */ = {isa = PBXBuildFile; fileRef = 6D56EC2C2477C07E00AEFD19 /* FriendsFotoCVController.swift */; };
		6D56EC2F2477C16B00AEFD19 /* FriendsFotoCVCell.swift in Sources */ = {isa = PBXBuildFile; fileRef = 6D56EC2E2477C16B00AEFD19 /* FriendsFotoCVCell.swift */; };
/* End PBXBuildFile section */

/* Begin PBXFileReference section */
		6D0B4DEF2475A685001E8C1A /* User.swift */ = {isa = PBXFileReference; lastKnownFileType = sourcecode.swift; path = User.swift; sourceTree = "<group>"; };
		6D0B4DF12475A699001E8C1A /* Group.swift */ = {isa = PBXFileReference; lastKnownFileType = sourcecode.swift; path = Group.swift; sourceTree = "<group>"; };
		6D0B4DF4247669E9001E8C1A /* AllGroupsTableViewController.swift */ = {isa = PBXFileReference; lastKnownFileType = sourcecode.swift; path = AllGroupsTableViewController.swift; sourceTree = "<group>"; };
		6D0B4DF624766A46001E8C1A /* AllGroupsTableViewCell.swift */ = {isa = PBXFileReference; lastKnownFileType = sourcecode.swift; path = AllGroupsTableViewCell.swift; sourceTree = "<group>"; };
		6D3D5288247424DD00182342 /* UI_Practice.app */ = {isa = PBXFileReference; explicitFileType = wrapper.application; includeInIndex = 0; path = UI_Practice.app; sourceTree = BUILT_PRODUCTS_DIR; };
		6D3D528B247424DD00182342 /* AppDelegate.swift */ = {isa = PBXFileReference; lastKnownFileType = sourcecode.swift; path = AppDelegate.swift; sourceTree = "<group>"; };
		6D3D528D247424DD00182342 /* SceneDelegate.swift */ = {isa = PBXFileReference; lastKnownFileType = sourcecode.swift; path = SceneDelegate.swift; sourceTree = "<group>"; };
		6D3D528F247424DD00182342 /* LoginViewController.swift */ = {isa = PBXFileReference; lastKnownFileType = sourcecode.swift; path = LoginViewController.swift; sourceTree = "<group>"; };
		6D3D5292247424DD00182342 /* Base */ = {isa = PBXFileReference; lastKnownFileType = file.storyboard; name = Base; path = Base.lproj/Main.storyboard; sourceTree = "<group>"; };
		6D3D5294247424DE00182342 /* Assets.xcassets */ = {isa = PBXFileReference; lastKnownFileType = folder.assetcatalog; path = Assets.xcassets; sourceTree = "<group>"; };
		6D3D5297247424DE00182342 /* Base */ = {isa = PBXFileReference; lastKnownFileType = file.storyboard; name = Base; path = Base.lproj/LaunchScreen.storyboard; sourceTree = "<group>"; };
		6D3D5299247424DE00182342 /* Info.plist */ = {isa = PBXFileReference; lastKnownFileType = text.plist.xml; path = Info.plist; sourceTree = "<group>"; };
		6D56EC232477AA8800AEFD19 /* MyGroupsTableViewController.swift */ = {isa = PBXFileReference; lastKnownFileType = sourcecode.swift; path = MyGroupsTableViewController.swift; sourceTree = "<group>"; };
		6D56EC252477AA9F00AEFD19 /* MyGroupsTableViewCell.swift */ = {isa = PBXFileReference; lastKnownFileType = sourcecode.swift; path = MyGroupsTableViewCell.swift; sourceTree = "<group>"; };
		6D56EC282477BD0800AEFD19 /* MyFriendsTVController.swift */ = {isa = PBXFileReference; lastKnownFileType = sourcecode.swift; path = MyFriendsTVController.swift; sourceTree = "<group>"; };
		6D56EC2A2477BD2700AEFD19 /* MyFriendsTVCell.swift */ = {isa = PBXFileReference; lastKnownFileType = sourcecode.swift; path = MyFriendsTVCell.swift; sourceTree = "<group>"; };
		6D56EC2C2477C07E00AEFD19 /* FriendsFotoCVController.swift */ = {isa = PBXFileReference; lastKnownFileType = sourcecode.swift; path = FriendsFotoCVController.swift; sourceTree = "<group>"; };
		6D56EC2E2477C16B00AEFD19 /* FriendsFotoCVCell.swift */ = {isa = PBXFileReference; lastKnownFileType = sourcecode.swift; path = FriendsFotoCVCell.swift; sourceTree = "<group>"; };
/* End PBXFileReference section */

/* Begin PBXFrameworksBuildPhase section */
		6D3D5285247424DD00182342 /* Frameworks */ = {
			isa = PBXFrameworksBuildPhase;
			buildActionMask = 2147483647;
			files = (
			);
			runOnlyForDeploymentPostprocessing = 0;
		};
/* End PBXFrameworksBuildPhase section */

/* Begin PBXGroup section */
		6D0B4DEE2475A65F001E8C1A /* Model */ = {
			isa = PBXGroup;
			children = (
				6D0B4DEF2475A685001E8C1A /* User.swift */,
				6D0B4DF12475A699001E8C1A /* Group.swift */,
			);
			path = Model;
			sourceTree = "<group>";
		};
		6D0B4DF324766993001E8C1A /* Groups */ = {
			isa = PBXGroup;
			children = (
				6D0B4DF4247669E9001E8C1A /* AllGroupsTableViewController.swift */,
				6D0B4DF624766A46001E8C1A /* AllGroupsTableViewCell.swift */,
				6D56EC232477AA8800AEFD19 /* MyGroupsTableViewController.swift */,
				6D56EC252477AA9F00AEFD19 /* MyGroupsTableViewCell.swift */,
			);
			path = Groups;
			sourceTree = "<group>";
		};
		6D3D527F247424DD00182342 = {
			isa = PBXGroup;
			children = (
				6D3D528A247424DD00182342 /* UI_Practice */,
				6D3D5289247424DD00182342 /* Products */,
			);
			sourceTree = "<group>";
		};
		6D3D5289247424DD00182342 /* Products */ = {
			isa = PBXGroup;
			children = (
				6D3D5288247424DD00182342 /* UI_Practice.app */,
			);
			name = Products;
			sourceTree = "<group>";
		};
		6D3D528A247424DD00182342 /* UI_Practice */ = {
			isa = PBXGroup;
			children = (
				6D56EC272477BCE100AEFD19 /* Friends */,
				6D0B4DF324766993001E8C1A /* Groups */,
				6D0B4DEE2475A65F001E8C1A /* Model */,
				6D3D528B247424DD00182342 /* AppDelegate.swift */,
				6D3D528D247424DD00182342 /* SceneDelegate.swift */,
				6D3D528F247424DD00182342 /* LoginViewController.swift */,
				6D3D5291247424DD00182342 /* Main.storyboard */,
				6D3D5294247424DE00182342 /* Assets.xcassets */,
				6D3D5296247424DE00182342 /* LaunchScreen.storyboard */,
				6D3D5299247424DE00182342 /* Info.plist */,
			);
			path = UI_Practice;
			sourceTree = "<group>";
		};
		6D56EC272477BCE100AEFD19 /* Friends */ = {
			isa = PBXGroup;
			children = (
				6D56EC282477BD0800AEFD19 /* MyFriendsTVController.swift */,
				6D56EC2A2477BD2700AEFD19 /* MyFriendsTVCell.swift */,
				6D56EC2C2477C07E00AEFD19 /* FriendsFotoCVController.swift */,
				6D56EC2E2477C16B00AEFD19 /* FriendsFotoCVCell.swift */,
			);
			path = Friends;
			sourceTree = "<group>";
		};
/* End PBXGroup section */

/* Begin PBXNativeTarget section */
		6D3D5287247424DD00182342 /* UI_Practice */ = {
			isa = PBXNativeTarget;
			buildConfigurationList = 6D3D529C247424DE00182342 /* Build configuration list for PBXNativeTarget "UI_Practice" */;
			buildPhases = (
				6D3D5284247424DD00182342 /* Sources */,
				6D3D5285247424DD00182342 /* Frameworks */,
				6D3D5286247424DD00182342 /* Resources */,
			);
			buildRules = (
			);
			dependencies = (
			);
			name = UI_Practice;
			productName = UI_Practice;
			productReference = 6D3D5288247424DD00182342 /* UI_Practice.app */;
			productType = "com.apple.product-type.application";
		};
/* End PBXNativeTarget section */

/* Begin PBXProject section */
		6D3D5280247424DD00182342 /* Project object */ = {
			isa = PBXProject;
			attributes = {
				LastSwiftUpdateCheck = 1140;
				LastUpgradeCheck = 1140;
				ORGANIZATIONNAME = "Dmitrii Diadiushkin";
				TargetAttributes = {
					6D3D5287247424DD00182342 = {
						CreatedOnToolsVersion = 11.4.1;
					};
				};
			};
			buildConfigurationList = 6D3D5283247424DD00182342 /* Build configuration list for PBXProject "UI_Practice" */;
			compatibilityVersion = "Xcode 9.3";
			developmentRegion = en;
			hasScannedForEncodings = 0;
			knownRegions = (
				en,
				Base,
			);
			mainGroup = 6D3D527F247424DD00182342;
			productRefGroup = 6D3D5289247424DD00182342 /* Products */;
			projectDirPath = "";
			projectRoot = "";
			targets = (
				6D3D5287247424DD00182342 /* UI_Practice */,
			);
		};
/* End PBXProject section */

/* Begin PBXResourcesBuildPhase section */
		6D3D5286247424DD00182342 /* Resources */ = {
			isa = PBXResourcesBuildPhase;
			buildActionMask = 2147483647;
			files = (
				6D3D5298247424DE00182342 /* LaunchScreen.storyboard in Resources */,
				6D3D5295247424DE00182342 /* Assets.xcassets in Resources */,
				6D3D5293247424DD00182342 /* Main.storyboard in Resources */,
			);
			runOnlyForDeploymentPostprocessing = 0;
		};
/* End PBXResourcesBuildPhase section */

/* Begin PBXSourcesBuildPhase section */
		6D3D5284247424DD00182342 /* Sources */ = {
			isa = PBXSourcesBuildPhase;
			buildActionMask = 2147483647;
			files = (
				6D56EC2D2477C07E00AEFD19 /* FriendsFotoCVController.swift in Sources */,
				6D56EC2F2477C16B00AEFD19 /* FriendsFotoCVCell.swift in Sources */,
				6D0B4DF02475A685001E8C1A /* User.swift in Sources */,
				6D56EC292477BD0800AEFD19 /* MyFriendsTVController.swift in Sources */,
				6D3D5290247424DD00182342 /* LoginViewController.swift in Sources */,
				6D56EC2B2477BD2700AEFD19 /* MyFriendsTVCell.swift in Sources */,
				6D56EC262477AA9F00AEFD19 /* MyGroupsTableViewCell.swift in Sources */,
				6D3D528C247424DD00182342 /* AppDelegate.swift in Sources */,
				6D56EC242477AA8800AEFD19 /* MyGroupsTableViewController.swift in Sources */,
				6D0B4DF22475A699001E8C1A /* Group.swift in Sources */,
				6D3D528E247424DD00182342 /* SceneDelegate.swift in Sources */,
				6D0B4DF5247669E9001E8C1A /* AllGroupsTableViewController.swift in Sources */,
				6D0B4DF724766A46001E8C1A /* AllGroupsTableViewCell.swift in Sources */,
			);
			runOnlyForDeploymentPostprocessing = 0;
		};
/* End PBXSourcesBuildPhase section */

/* Begin PBXVariantGroup section */
		6D3D5291247424DD00182342 /* Main.storyboard */ = {
			isa = PBXVariantGroup;
			children = (
				6D3D5292247424DD00182342 /* Base */,
			);
			name = Main.storyboard;
			sourceTree = "<group>";
		};
		6D3D5296247424DE00182342 /* LaunchScreen.storyboard */ = {
			isa = PBXVariantGroup;
			children = (
				6D3D5297247424DE00182342 /* Base */,
			);
			name = LaunchScreen.storyboard;
			sourceTree = "<group>";
		};
/* End PBXVariantGroup section */

/* Begin XCBuildConfiguration section */
		6D3D529A247424DE00182342 /* Debug */ = {
			isa = XCBuildConfiguration;
			buildSettings = {
				ALWAYS_SEARCH_USER_PATHS = NO;
				CLANG_ANALYZER_NONNULL = YES;
				CLANG_ANALYZER_NUMBER_OBJECT_CONVERSION = YES_AGGRESSIVE;
				CLANG_CXX_LANGUAGE_STANDARD = "gnu++14";
				CLANG_CXX_LIBRARY = "libc++";
				CLANG_ENABLE_MODULES = YES;
				CLANG_ENABLE_OBJC_ARC = YES;
				CLANG_ENABLE_OBJC_WEAK = YES;
				CLANG_WARN_BLOCK_CAPTURE_AUTORELEASING = YES;
				CLANG_WARN_BOOL_CONVERSION = YES;
				CLANG_WARN_COMMA = YES;
				CLANG_WARN_CONSTANT_CONVERSION = YES;
				CLANG_WARN_DEPRECATED_OBJC_IMPLEMENTATIONS = YES;
				CLANG_WARN_DIRECT_OBJC_ISA_USAGE = YES_ERROR;
				CLANG_WARN_DOCUMENTATION_COMMENTS = YES;
				CLANG_WARN_EMPTY_BODY = YES;
				CLANG_WARN_ENUM_CONVERSION = YES;
				CLANG_WARN_INFINITE_RECURSION = YES;
				CLANG_WARN_INT_CONVERSION = YES;
				CLANG_WARN_NON_LITERAL_NULL_CONVERSION = YES;
				CLANG_WARN_OBJC_IMPLICIT_RETAIN_SELF = YES;
				CLANG_WARN_OBJC_LITERAL_CONVERSION = YES;
				CLANG_WARN_OBJC_ROOT_CLASS = YES_ERROR;
				CLANG_WARN_RANGE_LOOP_ANALYSIS = YES;
				CLANG_WARN_STRICT_PROTOTYPES = YES;
				CLANG_WARN_SUSPICIOUS_MOVE = YES;
				CLANG_WARN_UNGUARDED_AVAILABILITY = YES_AGGRESSIVE;
				CLANG_WARN_UNREACHABLE_CODE = YES;
				CLANG_WARN__DUPLICATE_METHOD_MATCH = YES;
				COPY_PHASE_STRIP = NO;
				DEBUG_INFORMATION_FORMAT = dwarf;
				ENABLE_STRICT_OBJC_MSGSEND = YES;
				ENABLE_TESTABILITY = YES;
				GCC_C_LANGUAGE_STANDARD = gnu11;
				GCC_DYNAMIC_NO_PIC = NO;
				GCC_NO_COMMON_BLOCKS = YES;
				GCC_OPTIMIZATION_LEVEL = 0;
				GCC_PREPROCESSOR_DEFINITIONS = (
					"DEBUG=1",
					"$(inherited)",
				);
				GCC_WARN_64_TO_32_BIT_CONVERSION = YES;
				GCC_WARN_ABOUT_RETURN_TYPE = YES_ERROR;
				GCC_WARN_UNDECLARED_SELECTOR = YES;
				GCC_WARN_UNINITIALIZED_AUTOS = YES_AGGRESSIVE;
				GCC_WARN_UNUSED_FUNCTION = YES;
				GCC_WARN_UNUSED_VARIABLE = YES;
				IPHONEOS_DEPLOYMENT_TARGET = 13.4;
				MTL_ENABLE_DEBUG_INFO = INCLUDE_SOURCE;
				MTL_FAST_MATH = YES;
				ONLY_ACTIVE_ARCH = YES;
				SDKROOT = iphoneos;
				SWIFT_ACTIVE_COMPILATION_CONDITIONS = DEBUG;
				SWIFT_OPTIMIZATION_LEVEL = "-Onone";
			};
			name = Debug;
		};
		6D3D529B247424DE00182342 /* Release */ = {
			isa = XCBuildConfiguration;
			buildSettings = {
				ALWAYS_SEARCH_USER_PATHS = NO;
				CLANG_ANALYZER_NONNULL = YES;
				CLANG_ANALYZER_NUMBER_OBJECT_CONVERSION = YES_AGGRESSIVE;
				CLANG_CXX_LANGUAGE_STANDARD = "gnu++14";
				CLANG_CXX_LIBRARY = "libc++";
				CLANG_ENABLE_MODULES = YES;
				CLANG_ENABLE_OBJC_ARC = YES;
				CLANG_ENABLE_OBJC_WEAK = YES;
				CLANG_WARN_BLOCK_CAPTURE_AUTORELEASING = YES;
				CLANG_WARN_BOOL_CONVERSION = YES;
				CLANG_WARN_COMMA = YES;
				CLANG_WARN_CONSTANT_CONVERSION = YES;
				CLANG_WARN_DEPRECATED_OBJC_IMPLEMENTATIONS = YES;
				CLANG_WARN_DIRECT_OBJC_ISA_USAGE = YES_ERROR;
				CLANG_WARN_DOCUMENTATION_COMMENTS = YES;
				CLANG_WARN_EMPTY_BODY = YES;
				CLANG_WARN_ENUM_CONVERSION = YES;
				CLANG_WARN_INFINITE_RECURSION = YES;
				CLANG_WARN_INT_CONVERSION = YES;
				CLANG_WARN_NON_LITERAL_NULL_CONVERSION = YES;
				CLANG_WARN_OBJC_IMPLICIT_RETAIN_SELF = YES;
				CLANG_WARN_OBJC_LITERAL_CONVERSION = YES;
				CLANG_WARN_OBJC_ROOT_CLASS = YES_ERROR;
				CLANG_WARN_RANGE_LOOP_ANALYSIS = YES;
				CLANG_WARN_STRICT_PROTOTYPES = YES;
				CLANG_WARN_SUSPICIOUS_MOVE = YES;
				CLANG_WARN_UNGUARDED_AVAILABILITY = YES_AGGRESSIVE;
				CLANG_WARN_UNREACHABLE_CODE = YES;
				CLANG_WARN__DUPLICATE_METHOD_MATCH = YES;
				COPY_PHASE_STRIP = NO;
				DEBUG_INFORMATION_FORMAT = "dwarf-with-dsym";
				ENABLE_NS_ASSERTIONS = NO;
				ENABLE_STRICT_OBJC_MSGSEND = YES;
				GCC_C_LANGUAGE_STANDARD = gnu11;
				GCC_NO_COMMON_BLOCKS = YES;
				GCC_WARN_64_TO_32_BIT_CONVERSION = YES;
				GCC_WARN_ABOUT_RETURN_TYPE = YES_ERROR;
				GCC_WARN_UNDECLARED_SELECTOR = YES;
				GCC_WARN_UNINITIALIZED_AUTOS = YES_AGGRESSIVE;
				GCC_WARN_UNUSED_FUNCTION = YES;
				GCC_WARN_UNUSED_VARIABLE = YES;
				IPHONEOS_DEPLOYMENT_TARGET = 13.4;
				MTL_ENABLE_DEBUG_INFO = NO;
				MTL_FAST_MATH = YES;
				SDKROOT = iphoneos;
				SWIFT_COMPILATION_MODE = wholemodule;
				SWIFT_OPTIMIZATION_LEVEL = "-O";
				VALIDATE_PRODUCT = YES;
			};
			name = Release;
		};
		6D3D529D247424DE00182342 /* Debug */ = {
			isa = XCBuildConfiguration;
			buildSettings = {
				ASSETCATALOG_COMPILER_APPICON_NAME = AppIcon;
				CODE_SIGN_STYLE = Automatic;
				DEVELOPMENT_TEAM = AA878A43SR;
				INFOPLIST_FILE = UI_Practice/Info.plist;
				LD_RUNPATH_SEARCH_PATHS = (
					"$(inherited)",
					"@executable_path/Frameworks",
				);
				PRODUCT_BUNDLE_IDENTIFIER = "NN.UI-Practice";
				PRODUCT_NAME = "$(TARGET_NAME)";
				SWIFT_VERSION = 5.0;
				TARGETED_DEVICE_FAMILY = "1,2";
			};
			name = Debug;
		};
		6D3D529E247424DE00182342 /* Release */ = {
			isa = XCBuildConfiguration;
			buildSettings = {
				ASSETCATALOG_COMPILER_APPICON_NAME = AppIcon;
				CODE_SIGN_STYLE = Automatic;
				DEVELOPMENT_TEAM = AA878A43SR;
				INFOPLIST_FILE = UI_Practice/Info.plist;
				LD_RUNPATH_SEARCH_PATHS = (
					"$(inherited)",
					"@executable_path/Frameworks",
				);
				PRODUCT_BUNDLE_IDENTIFIER = "NN.UI-Practice";
				PRODUCT_NAME = "$(TARGET_NAME)";
				SWIFT_VERSION = 5.0;
				TARGETED_DEVICE_FAMILY = "1,2";
			};
			name = Release;
		};
/* End XCBuildConfiguration section */

/* Begin XCConfigurationList section */
		6D3D5283247424DD00182342 /* Build configuration list for PBXProject "UI_Practice" */ = {
			isa = XCConfigurationList;
			buildConfigurations = (
				6D3D529A247424DE00182342 /* Debug */,
				6D3D529B247424DE00182342 /* Release */,
			);
			defaultConfigurationIsVisible = 0;
			defaultConfigurationName = Release;
		};
		6D3D529C247424DE00182342 /* Build configuration list for PBXNativeTarget "UI_Practice" */ = {
			isa = XCConfigurationList;
			buildConfigurations = (
				6D3D529D247424DE00182342 /* Debug */,
				6D3D529E247424DE00182342 /* Release */,
			);
			defaultConfigurationIsVisible = 0;
			defaultConfigurationName = Release;
		};
/* End XCConfigurationList section */
	};
	rootObject = 6D3D5280247424DD00182342 /* Project object */;
}
